
Microsoft Visual Studio Solution File, Format Version 12.00
# Visual Studio 2013
VisualStudioVersion = 12.0.30501.0
MinimumVisualStudioVersion = 10.0.40219.1
Project("{FAE04EC0-301F-11D3-BF4B-00C04F79EFBC}") = "Joon.Communication.Tool", "Joon.Communication.Tool\Joon.Communication.Tool.csproj", "{3332EBEA-C44F-4E8F-A6A1-92F204281DFD}"
EndProject
Project("{FAE04EC0-301F-11D3-BF4B-00C04F79EFBC}") = "Test", "Test\Test.csproj", "{3613C91B-4185-447E-83B8-DB544AE03AE0}"
EndProject
Project("{FAE04EC0-301F-11D3-BF4B-00C04F79EFBC}") = "WpfTest", "WpfTest\WpfTest.csproj", "{FEB8C7C6-A3CC-4398-9EC6-397D39EE2854}"
EndProject
Global
	GlobalSection(SolutionConfigurationPlatforms) = preSolution
		Debug|Any CPU = Debug|Any CPU
		Release|Any CPU = Release|Any CPU
	EndGlobalSection
	GlobalSection(ProjectConfigurationPlatforms) = postSolution
		{3332EBEA-C44F-4E8F-A6A1-92F204281DFD}.Debug|Any CPU.ActiveCfg = Debug|Any CPU
		{3332EBEA-C44F-4E8F-A6A1-92F204281DFD}.Debug|Any CPU.Build.0 = Debug|Any CPU
		{3332EBEA-C44F-4E8F-A6A1-92F204281DFD}.Release|Any CPU.ActiveCfg = Release|Any CPU
		{3332EBEA-C44F-4E8F-A6A1-92F204281DFD}.Release|Any CPU.Build.0 = Release|Any CPU
		{3613C91B-4185-447E-83B8-DB544AE03AE0}.Debug|Any CPU.ActiveCfg = Debug|Any CPU
		{3613C91B-4185-447E-83B8-DB544AE03AE0}.Debug|Any CPU.Build.0 = Debug|Any CPU
		{3613C91B-4185-447E-83B8-DB544AE03AE0}.Release|Any CPU.ActiveCfg = Release|Any CPU
		{3613C91B-4185-447E-83B8-DB544AE03AE0}.Release|Any CPU.Build.0 = Release|Any CPU
		{FEB8C7C6-A3CC-4398-9EC6-397D39EE2854}.Debug|Any CPU.ActiveCfg = Debug|Any CPU
		{FEB8C7C6-A3CC-4398-9EC6-397D39EE2854}.Debug|Any CPU.Build.0 = Debug|Any CPU
		{FEB8C7C6-A3CC-4398-9EC6-397D39EE2854}.Release|Any CPU.ActiveCfg = Release|Any CPU
		{FEB8C7C6-A3CC-4398-9EC6-397D39EE2854}.Release|Any CPU.Build.0 = Release|Any CPU
	EndGlobalSection
	GlobalSection(SolutionProperties) = preSolution
		HideSolutionNode = FALSE
	EndGlobalSection
EndGlobal
